
Microsoft Visual Studio Solution File, Format Version 12.00
# Visual Studio 2017
Project("{FAE04EC0-301F-11D3-BF4B-00C04F79EFBC}") = "Color Switch", "Color Switch.csproj", "{0C9F40A3-F13B-5FFA-8D41-036B87C491BC}"
EndProject
Project("{FAE04EC0-301F-11D3-BF4B-00C04F79EFBC}") = "Color Switch.Editor", "Color Switch.Editor.csproj", "{C6A026AC-D7EE-363C-174A-C15718135A80}"
EndProject
Global
	GlobalSection(SolutionConfigurationPlatforms) = preSolution
		Debug|Any CPU = Debug|Any CPU
		Release|Any CPU = Release|Any CPU
	EndGlobalSection
	GlobalSection(ProjectConfigurationPlatforms) = postSolution
		{0C9F40A3-F13B-5FFA-8D41-036B87C491BC}.Debug|Any CPU.ActiveCfg = Debug|Any CPU
		{0C9F40A3-F13B-5FFA-8D41-036B87C491BC}.Debug|Any CPU.Build.0 = Debug|Any CPU
		{0C9F40A3-F13B-5FFA-8D41-036B87C491BC}.Release|Any CPU.ActiveCfg = Release|Any CPU
		{0C9F40A3-F13B-5FFA-8D41-036B87C491BC}.Release|Any CPU.Build.0 = Release|Any CPU
		{C6A026AC-D7EE-363C-174A-C15718135A80}.Debug|Any CPU.ActiveCfg = Debug|Any CPU
		{C6A026AC-D7EE-363C-174A-C15718135A80}.Debug|Any CPU.Build.0 = Debug|Any CPU
		{C6A026AC-D7EE-363C-174A-C15718135A80}.Release|Any CPU.ActiveCfg = Release|Any CPU
		{C6A026AC-D7EE-363C-174A-C15718135A80}.Release|Any CPU.Build.0 = Release|Any CPU
	EndGlobalSection
	GlobalSection(SolutionProperties) = preSolution
		HideSolutionNode = FALSE
	EndGlobalSection
EndGlobal
