
Microsoft Visual Studio Solution File, Format Version 12.00
# Visual Studio 2017
Project("{FAE04EC0-301F-11D3-BF4B-00C04F79EFBC}") = "Color-Switch", "Color-Switch.csproj", "{D0AFA66A-F895-31EE-6E97-386FFF89EE59}"
EndProject
Project("{FAE04EC0-301F-11D3-BF4B-00C04F79EFBC}") = "Color-Switch.Editor", "Color-Switch.Editor.csproj", "{31015B16-DA67-A1EB-9C9B-3CF019F09DA1}"
EndProject
Global
	GlobalSection(SolutionConfigurationPlatforms) = preSolution
		Debug|Any CPU = Debug|Any CPU
		Release|Any CPU = Release|Any CPU
	EndGlobalSection
	GlobalSection(ProjectConfigurationPlatforms) = postSolution
		{D0AFA66A-F895-31EE-6E97-386FFF89EE59}.Debug|Any CPU.ActiveCfg = Debug|Any CPU
		{D0AFA66A-F895-31EE-6E97-386FFF89EE59}.Debug|Any CPU.Build.0 = Debug|Any CPU
		{D0AFA66A-F895-31EE-6E97-386FFF89EE59}.Release|Any CPU.ActiveCfg = Release|Any CPU
		{D0AFA66A-F895-31EE-6E97-386FFF89EE59}.Release|Any CPU.Build.0 = Release|Any CPU
		{31015B16-DA67-A1EB-9C9B-3CF019F09DA1}.Debug|Any CPU.ActiveCfg = Debug|Any CPU
		{31015B16-DA67-A1EB-9C9B-3CF019F09DA1}.Debug|Any CPU.Build.0 = Debug|Any CPU
		{31015B16-DA67-A1EB-9C9B-3CF019F09DA1}.Release|Any CPU.ActiveCfg = Release|Any CPU
		{31015B16-DA67-A1EB-9C9B-3CF019F09DA1}.Release|Any CPU.Build.0 = Release|Any CPU
	EndGlobalSection
	GlobalSection(SolutionProperties) = preSolution
		HideSolutionNode = FALSE
	EndGlobalSection
EndGlobal
